
Microsoft Visual Studio Solution File, Format Version 12.00
# Visual Studio 15
Project("{FAE04EC0-301F-11D3-BF4B-00C04F79EFBC}") = "StagesMod", "StagesMod.csproj", "{3F7525A9-C423-14CF-A88F-88F4A764A9A8}"
EndProject
Project("{FAE04EC0-301F-11D3-BF4B-00C04F79EFBC}") = "EditorUtils", "EditorUtils.csproj", "{82FA4652-2F16-3623-2946-E1BCE7655AFB}"
EndProject
Global
	GlobalSection(SolutionConfigurationPlatforms) = preSolution
		Debug|Any CPU = Debug|Any CPU
		Release|Any CPU = Release|Any CPU
	EndGlobalSection
	GlobalSection(ProjectConfigurationPlatforms) = postSolution
		{3F7525A9-C423-14CF-A88F-88F4A764A9A8}.Debug|Any CPU.ActiveCfg = Debug|Any CPU
		{3F7525A9-C423-14CF-A88F-88F4A764A9A8}.Debug|Any CPU.Build.0 = Debug|Any CPU
		{3F7525A9-C423-14CF-A88F-88F4A764A9A8}.Release|Any CPU.ActiveCfg = Release|Any CPU
		{3F7525A9-C423-14CF-A88F-88F4A764A9A8}.Release|Any CPU.Build.0 = Release|Any CPU
		{82FA4652-2F16-3623-2946-E1BCE7655AFB}.Debug|Any CPU.ActiveCfg = Debug|Any CPU
		{82FA4652-2F16-3623-2946-E1BCE7655AFB}.Debug|Any CPU.Build.0 = Debug|Any CPU
		{82FA4652-2F16-3623-2946-E1BCE7655AFB}.Release|Any CPU.ActiveCfg = Release|Any CPU
		{82FA4652-2F16-3623-2946-E1BCE7655AFB}.Release|Any CPU.Build.0 = Release|Any CPU
	EndGlobalSection
	GlobalSection(SolutionProperties) = preSolution
		HideSolutionNode = FALSE
	EndGlobalSection
	GlobalSection(MonoDevelopProperties) = preSolution
		StartupItem = Assembly-CSharp.csproj
	EndGlobalSection
EndGlobal
